
Microsoft Visual Studio Solution File, Format Version 12.00
# Visual Studio Version 17
Project("{9A19103F-16F7-4668-BE54-9A1E7A4F7556}") = "NexusGuard", "src\NexusGuard\NexusGuard.csproj", "{B7735AFE-6F28-4993-A5A2-744AA0322CD1}"
EndProject
Global
	GlobalSection(SolutionConfigurationPlatforms) = preSolution
		Debug|Any CPU = Debug|Any CPU
		Release|Any CPU = Release|Any CPU
	EndGlobalSection
	GlobalSection(ProjectConfigurationPlatforms) = postSolution
		{B7735AFE-6F28-4993-A5A2-744AA0322CD1}.Debug|Any CPU.ActiveCfg = Debug|Any CPU
		{B7735AFE-6F28-4993-A5A2-744AA0322CD1}.Debug|Any CPU.Build.0 = Debug|Any CPU
		{B7735AFE-6F28-4993-A5A2-744AA0322CD1}.Release|Any CPU.ActiveCfg = Release|Any CPU
		{B7735AFE-6F28-4993-A5A2-744AA0322CD1}.Release|Any CPU.Build.0 = Release|Any CPU
	EndGlobalSection
	GlobalSection(SolutionProperties) = preSolution
		HideSolutionNode = FALSE
	EndGlobalSection
	GlobalSection(ExtensibilityGlobals) = postSolution
		SolutionGuid = {73B1221D-2903-4159-88F8-7D4BB9AC9AFB}
	EndGlobalSection
EndGlobal
